
Microsoft Visual Studio Solution File, Format Version 12.00
# Visual Studio 14
VisualStudioVersion = 14.0.25420.1
MinimumVisualStudioVersion = 10.0.40219.1
Project("{2150E333-8FDC-42A3-9474-1A3956D46DE8}") = "Common", "Common", "{EDF0D790-5418-45A8-A5EC-34E0F2084B68}"
EndProject
Project("{FAE04EC0-301F-11D3-BF4B-00C04F79EFBC}") = "Utility", "Common\Utility\Utility.csproj", "{28FB5E8B-25A6-4920-9569-8102874CE987}"
EndProject
Project("{2150E333-8FDC-42A3-9474-1A3956D46DE8}") = "Service", "Service", "{B22A9D34-6994-4EBA-9C03-05F30A107D00}"
EndProject
Project("{2150E333-8FDC-42A3-9474-1A3956D46DE8}") = "Client", "Client", "{6CBFF62C-9F44-4E43-8BF7-A788CA562500}"
EndProject
Project("{FAE04EC0-301F-11D3-BF4B-00C04F79EFBC}") = "WebApi", "Service\WebApi\WebApi.csproj", "{46BCA0F2-3116-4D35-8351-42669897A9A1}"
EndProject
Project("{FAE04EC0-301F-11D3-BF4B-00C04F79EFBC}") = "Chat", "Client\Chat\Chat.csproj", "{107D1E95-06C9-47D8-B05E-AB1D7B0EFD35}"
EndProject
Project("{FAE04EC0-301F-11D3-BF4B-00C04F79EFBC}") = "CatchingFire", "Client\CatchingFire\CatchingFire.csproj", "{814C22D9-F627-4B5C-9BF5-B8DCB01892BA}"
EndProject
Project("{FAE04EC0-301F-11D3-BF4B-00C04F79EFBC}") = "UtilityControl", "Client\UtilityControl\UtilityControl.csproj", "{E9EE0E0C-F7AD-4899-A7D2-EFCE31DA3AEC}"
EndProject
Project("{FAE04EC0-301F-11D3-BF4B-00C04F79EFBC}") = "WebApiHost", "Service\WebApiHost\WebApiHost.csproj", "{3FD1F98B-D666-4029-BEFF-454C2C936581}"
EndProject
Project("{FAE04EC0-301F-11D3-BF4B-00C04F79EFBC}") = "Entity", "Common\Entity\Entity.csproj", "{D2DB16AA-FF9D-4F86-865F-4774B5B312BF}"
EndProject
Project("{2150E333-8FDC-42A3-9474-1A3956D46DE8}") = "Document", "Document", "{4C446588-19CB-48C7-BEB3-486866F6E130}"
EndProject
Project("{2150E333-8FDC-42A3-9474-1A3956D46DE8}") = "Install", "Install", "{FDDCCEA0-899F-44D0-9C48-5E875AC63274}"
EndProject
Project("{2150E333-8FDC-42A3-9474-1A3956D46DE8}") = "Business", "Business", "{0169C5C7-C877-4797-BF2F-BCC42E0420FD}"
EndProject
Project("{FAE04EC0-301F-11D3-BF4B-00C04F79EFBC}") = "ApiService", "Business\ApiService\ApiService.csproj", "{7ED97771-3C7D-4383-9C49-8DE68718ACCB}"
EndProject
Project("{FAE04EC0-301F-11D3-BF4B-00C04F79EFBC}") = "LocalService", "Business\LocalService\LocalService.csproj", "{BF19D35B-40ED-429A-AFC6-4364AB44BCCD}"
EndProject
Project("{930C7802-8A8C-48F9-8165-68863BCCD9DD}") = "CatchingFireSetup", "Install\CatchingFireSetup\CatchingFireSetup.wixproj", "{309A7A4B-B869-4ABE-B393-E51CF49D1386}"
EndProject
Project("{930C7802-8A8C-48F9-8165-68863BCCD9DD}") = "CathingFireBootstrapper", "Install\CathingFireBootstrapper\CathingFireBootstrapper.wixproj", "{4C94EBE6-997E-4DA3-9EA9-6E96DE9036E7}"
EndProject
Project("{FAE04EC0-301F-11D3-BF4B-00C04F79EFBC}") = "CatchingFireApp", "Install\CatchingFireApp\CatchingFireApp.csproj", "{C512DF2E-83AD-451D-8FCC-5A8BBC76B022}"
EndProject
Global
	GlobalSection(SolutionConfigurationPlatforms) = preSolution
		Debug|Any CPU = Debug|Any CPU
		Debug|x86 = Debug|x86
		Release|Any CPU = Release|Any CPU
		Release|x86 = Release|x86
	EndGlobalSection
	GlobalSection(ProjectConfigurationPlatforms) = postSolution
		{28FB5E8B-25A6-4920-9569-8102874CE987}.Debug|Any CPU.ActiveCfg = Debug|Any CPU
		{28FB5E8B-25A6-4920-9569-8102874CE987}.Debug|Any CPU.Build.0 = Debug|Any CPU
		{28FB5E8B-25A6-4920-9569-8102874CE987}.Debug|x86.ActiveCfg = Debug|Any CPU
		{28FB5E8B-25A6-4920-9569-8102874CE987}.Debug|x86.Build.0 = Debug|Any CPU
		{28FB5E8B-25A6-4920-9569-8102874CE987}.Release|Any CPU.ActiveCfg = Release|Any CPU
		{28FB5E8B-25A6-4920-9569-8102874CE987}.Release|Any CPU.Build.0 = Release|Any CPU
		{28FB5E8B-25A6-4920-9569-8102874CE987}.Release|x86.ActiveCfg = Release|Any CPU
		{28FB5E8B-25A6-4920-9569-8102874CE987}.Release|x86.Build.0 = Release|Any CPU
		{46BCA0F2-3116-4D35-8351-42669897A9A1}.Debug|Any CPU.ActiveCfg = Debug|Any CPU
		{46BCA0F2-3116-4D35-8351-42669897A9A1}.Debug|Any CPU.Build.0 = Debug|Any CPU
		{46BCA0F2-3116-4D35-8351-42669897A9A1}.Debug|x86.ActiveCfg = Debug|Any CPU
		{46BCA0F2-3116-4D35-8351-42669897A9A1}.Debug|x86.Build.0 = Debug|Any CPU
		{46BCA0F2-3116-4D35-8351-42669897A9A1}.Release|Any CPU.ActiveCfg = Release|Any CPU
		{46BCA0F2-3116-4D35-8351-42669897A9A1}.Release|Any CPU.Build.0 = Release|Any CPU
		{46BCA0F2-3116-4D35-8351-42669897A9A1}.Release|x86.ActiveCfg = Release|Any CPU
		{46BCA0F2-3116-4D35-8351-42669897A9A1}.Release|x86.Build.0 = Release|Any CPU
		{107D1E95-06C9-47D8-B05E-AB1D7B0EFD35}.Debug|Any CPU.ActiveCfg = Debug|Any CPU
		{107D1E95-06C9-47D8-B05E-AB1D7B0EFD35}.Debug|Any CPU.Build.0 = Debug|Any CPU
		{107D1E95-06C9-47D8-B05E-AB1D7B0EFD35}.Debug|x86.ActiveCfg = Debug|Any CPU
		{107D1E95-06C9-47D8-B05E-AB1D7B0EFD35}.Debug|x86.Build.0 = Debug|Any CPU
		{107D1E95-06C9-47D8-B05E-AB1D7B0EFD35}.Release|Any CPU.ActiveCfg = Release|Any CPU
		{107D1E95-06C9-47D8-B05E-AB1D7B0EFD35}.Release|Any CPU.Build.0 = Release|Any CPU
		{107D1E95-06C9-47D8-B05E-AB1D7B0EFD35}.Release|x86.ActiveCfg = Release|Any CPU
		{107D1E95-06C9-47D8-B05E-AB1D7B0EFD35}.Release|x86.Build.0 = Release|Any CPU
		{814C22D9-F627-4B5C-9BF5-B8DCB01892BA}.Debug|Any CPU.ActiveCfg = Debug|Any CPU
		{814C22D9-F627-4B5C-9BF5-B8DCB01892BA}.Debug|Any CPU.Build.0 = Debug|Any CPU
		{814C22D9-F627-4B5C-9BF5-B8DCB01892BA}.Debug|x86.ActiveCfg = Debug|Any CPU
		{814C22D9-F627-4B5C-9BF5-B8DCB01892BA}.Debug|x86.Build.0 = Debug|Any CPU
		{814C22D9-F627-4B5C-9BF5-B8DCB01892BA}.Release|Any CPU.ActiveCfg = Release|Any CPU
		{814C22D9-F627-4B5C-9BF5-B8DCB01892BA}.Release|Any CPU.Build.0 = Release|Any CPU
		{814C22D9-F627-4B5C-9BF5-B8DCB01892BA}.Release|x86.ActiveCfg = Release|Any CPU
		{814C22D9-F627-4B5C-9BF5-B8DCB01892BA}.Release|x86.Build.0 = Release|Any CPU
		{E9EE0E0C-F7AD-4899-A7D2-EFCE31DA3AEC}.Debug|Any CPU.ActiveCfg = Debug|Any CPU
		{E9EE0E0C-F7AD-4899-A7D2-EFCE31DA3AEC}.Debug|Any CPU.Build.0 = Debug|Any CPU
		{E9EE0E0C-F7AD-4899-A7D2-EFCE31DA3AEC}.Debug|x86.ActiveCfg = Debug|Any CPU
		{E9EE0E0C-F7AD-4899-A7D2-EFCE31DA3AEC}.Debug|x86.Build.0 = Debug|Any CPU
		{E9EE0E0C-F7AD-4899-A7D2-EFCE31DA3AEC}.Release|Any CPU.ActiveCfg = Release|Any CPU
		{E9EE0E0C-F7AD-4899-A7D2-EFCE31DA3AEC}.Release|Any CPU.Build.0 = Release|Any CPU
		{E9EE0E0C-F7AD-4899-A7D2-EFCE31DA3AEC}.Release|x86.ActiveCfg = Release|Any CPU
		{E9EE0E0C-F7AD-4899-A7D2-EFCE31DA3AEC}.Release|x86.Build.0 = Release|Any CPU
		{3FD1F98B-D666-4029-BEFF-454C2C936581}.Debug|Any CPU.ActiveCfg = Debug|Any CPU
		{3FD1F98B-D666-4029-BEFF-454C2C936581}.Debug|Any CPU.Build.0 = Debug|Any CPU
		{3FD1F98B-D666-4029-BEFF-454C2C936581}.Debug|x86.ActiveCfg = Debug|Any CPU
		{3FD1F98B-D666-4029-BEFF-454C2C936581}.Debug|x86.Build.0 = Debug|Any CPU
		{3FD1F98B-D666-4029-BEFF-454C2C936581}.Release|Any CPU.ActiveCfg = Release|Any CPU
		{3FD1F98B-D666-4029-BEFF-454C2C936581}.Release|Any CPU.Build.0 = Release|Any CPU
		{3FD1F98B-D666-4029-BEFF-454C2C936581}.Release|x86.ActiveCfg = Release|Any CPU
		{3FD1F98B-D666-4029-BEFF-454C2C936581}.Release|x86.Build.0 = Release|Any CPU
		{D2DB16AA-FF9D-4F86-865F-4774B5B312BF}.Debug|Any CPU.ActiveCfg = Debug|Any CPU
		{D2DB16AA-FF9D-4F86-865F-4774B5B312BF}.Debug|Any CPU.Build.0 = Debug|Any CPU
		{D2DB16AA-FF9D-4F86-865F-4774B5B312BF}.Debug|x86.ActiveCfg = Debug|Any CPU
		{D2DB16AA-FF9D-4F86-865F-4774B5B312BF}.Debug|x86.Build.0 = Debug|Any CPU
		{D2DB16AA-FF9D-4F86-865F-4774B5B312BF}.Release|Any CPU.ActiveCfg = Release|Any CPU
		{D2DB16AA-FF9D-4F86-865F-4774B5B312BF}.Release|Any CPU.Build.0 = Release|Any CPU
		{D2DB16AA-FF9D-4F86-865F-4774B5B312BF}.Release|x86.ActiveCfg = Release|Any CPU
		{D2DB16AA-FF9D-4F86-865F-4774B5B312BF}.Release|x86.Build.0 = Release|Any CPU
		{7ED97771-3C7D-4383-9C49-8DE68718ACCB}.Debug|Any CPU.ActiveCfg = Debug|Any CPU
		{7ED97771-3C7D-4383-9C49-8DE68718ACCB}.Debug|Any CPU.Build.0 = Debug|Any CPU
		{7ED97771-3C7D-4383-9C49-8DE68718ACCB}.Debug|x86.ActiveCfg = Debug|Any CPU
		{7ED97771-3C7D-4383-9C49-8DE68718ACCB}.Debug|x86.Build.0 = Debug|Any CPU
		{7ED97771-3C7D-4383-9C49-8DE68718ACCB}.Release|Any CPU.ActiveCfg = Release|Any CPU
		{7ED97771-3C7D-4383-9C49-8DE68718ACCB}.Release|Any CPU.Build.0 = Release|Any CPU
		{7ED97771-3C7D-4383-9C49-8DE68718ACCB}.Release|x86.ActiveCfg = Release|Any CPU
		{7ED97771-3C7D-4383-9C49-8DE68718ACCB}.Release|x86.Build.0 = Release|Any CPU
		{BF19D35B-40ED-429A-AFC6-4364AB44BCCD}.Debug|Any CPU.ActiveCfg = Debug|Any CPU
		{BF19D35B-40ED-429A-AFC6-4364AB44BCCD}.Debug|Any CPU.Build.0 = Debug|Any CPU
		{BF19D35B-40ED-429A-AFC6-4364AB44BCCD}.Debug|x86.ActiveCfg = Debug|Any CPU
		{BF19D35B-40ED-429A-AFC6-4364AB44BCCD}.Debug|x86.Build.0 = Debug|Any CPU
		{BF19D35B-40ED-429A-AFC6-4364AB44BCCD}.Release|Any CPU.ActiveCfg = Release|Any CPU
		{BF19D35B-40ED-429A-AFC6-4364AB44BCCD}.Release|Any CPU.Build.0 = Release|Any CPU
		{BF19D35B-40ED-429A-AFC6-4364AB44BCCD}.Release|x86.ActiveCfg = Release|Any CPU
		{BF19D35B-40ED-429A-AFC6-4364AB44BCCD}.Release|x86.Build.0 = Release|Any CPU
		{309A7A4B-B869-4ABE-B393-E51CF49D1386}.Debug|Any CPU.ActiveCfg = Debug|x86
		{309A7A4B-B869-4ABE-B393-E51CF49D1386}.Debug|x86.ActiveCfg = Debug|x86
		{309A7A4B-B869-4ABE-B393-E51CF49D1386}.Debug|x86.Build.0 = Debug|x86
		{309A7A4B-B869-4ABE-B393-E51CF49D1386}.Release|Any CPU.ActiveCfg = Release|x86
		{309A7A4B-B869-4ABE-B393-E51CF49D1386}.Release|x86.ActiveCfg = Release|x86
		{309A7A4B-B869-4ABE-B393-E51CF49D1386}.Release|x86.Build.0 = Release|x86
		{4C94EBE6-997E-4DA3-9EA9-6E96DE9036E7}.Debug|Any CPU.ActiveCfg = Debug|x86
		{4C94EBE6-997E-4DA3-9EA9-6E96DE9036E7}.Debug|x86.ActiveCfg = Debug|x86
		{4C94EBE6-997E-4DA3-9EA9-6E96DE9036E7}.Debug|x86.Build.0 = Debug|x86
		{4C94EBE6-997E-4DA3-9EA9-6E96DE9036E7}.Release|Any CPU.ActiveCfg = Release|x86
		{4C94EBE6-997E-4DA3-9EA9-6E96DE9036E7}.Release|x86.ActiveCfg = Release|x86
		{4C94EBE6-997E-4DA3-9EA9-6E96DE9036E7}.Release|x86.Build.0 = Release|x86
		{C512DF2E-83AD-451D-8FCC-5A8BBC76B022}.Debug|Any CPU.ActiveCfg = Debug|x86
		{C512DF2E-83AD-451D-8FCC-5A8BBC76B022}.Debug|x86.ActiveCfg = Debug|x86
		{C512DF2E-83AD-451D-8FCC-5A8BBC76B022}.Debug|x86.Build.0 = Debug|x86
		{C512DF2E-83AD-451D-8FCC-5A8BBC76B022}.Release|Any CPU.ActiveCfg = Release|x86
		{C512DF2E-83AD-451D-8FCC-5A8BBC76B022}.Release|x86.ActiveCfg = Release|x86
		{C512DF2E-83AD-451D-8FCC-5A8BBC76B022}.Release|x86.Build.0 = Release|x86
	EndGlobalSection
	GlobalSection(SolutionProperties) = preSolution
		HideSolutionNode = FALSE
	EndGlobalSection
	GlobalSection(NestedProjects) = preSolution
		{28FB5E8B-25A6-4920-9569-8102874CE987} = {EDF0D790-5418-45A8-A5EC-34E0F2084B68}
		{46BCA0F2-3116-4D35-8351-42669897A9A1} = {B22A9D34-6994-4EBA-9C03-05F30A107D00}
		{107D1E95-06C9-47D8-B05E-AB1D7B0EFD35} = {6CBFF62C-9F44-4E43-8BF7-A788CA562500}
		{814C22D9-F627-4B5C-9BF5-B8DCB01892BA} = {6CBFF62C-9F44-4E43-8BF7-A788CA562500}
		{E9EE0E0C-F7AD-4899-A7D2-EFCE31DA3AEC} = {6CBFF62C-9F44-4E43-8BF7-A788CA562500}
		{3FD1F98B-D666-4029-BEFF-454C2C936581} = {B22A9D34-6994-4EBA-9C03-05F30A107D00}
		{D2DB16AA-FF9D-4F86-865F-4774B5B312BF} = {EDF0D790-5418-45A8-A5EC-34E0F2084B68}
		{7ED97771-3C7D-4383-9C49-8DE68718ACCB} = {0169C5C7-C877-4797-BF2F-BCC42E0420FD}
		{BF19D35B-40ED-429A-AFC6-4364AB44BCCD} = {0169C5C7-C877-4797-BF2F-BCC42E0420FD}
		{309A7A4B-B869-4ABE-B393-E51CF49D1386} = {FDDCCEA0-899F-44D0-9C48-5E875AC63274}
		{4C94EBE6-997E-4DA3-9EA9-6E96DE9036E7} = {FDDCCEA0-899F-44D0-9C48-5E875AC63274}
		{C512DF2E-83AD-451D-8FCC-5A8BBC76B022} = {FDDCCEA0-899F-44D0-9C48-5E875AC63274}
	EndGlobalSection
EndGlobal
